
Microsoft Visual Studio Solution File, Format Version 12.00
# Visual Studio 15
VisualStudioVersion = 15.0.27428.2002
MinimumVisualStudioVersion = 10.0.40219.1
Project("{8BC9CEB8-8B4A-11D0-8D11-00A0C91BC942}") = "Urok5_Module7", "Urok5_Module7\Urok5_Module7.vcxproj", "{E488E513-4AD6-4ACB-ADB1-5F417FB5F872}"
EndProject
Global
	GlobalSection(SolutionConfigurationPlatforms) = preSolution
		Debug|x64 = Debug|x64
		Debug|x86 = Debug|x86
		Release|x64 = Release|x64
		Release|x86 = Release|x86
	EndGlobalSection
	GlobalSection(ProjectConfigurationPlatforms) = postSolution
		{E488E513-4AD6-4ACB-ADB1-5F417FB5F872}.Debug|x64.ActiveCfg = Debug|x64
		{E488E513-4AD6-4ACB-ADB1-5F417FB5F872}.Debug|x64.Build.0 = Debug|x64
		{E488E513-4AD6-4ACB-ADB1-5F417FB5F872}.Debug|x86.ActiveCfg = Debug|Win32
		{E488E513-4AD6-4ACB-ADB1-5F417FB5F872}.Debug|x86.Build.0 = Debug|Win32
		{E488E513-4AD6-4ACB-ADB1-5F417FB5F872}.Release|x64.ActiveCfg = Release|x64
		{E488E513-4AD6-4ACB-ADB1-5F417FB5F872}.Release|x64.Build.0 = Release|x64
		{E488E513-4AD6-4ACB-ADB1-5F417FB5F872}.Release|x86.ActiveCfg = Release|Win32
		{E488E513-4AD6-4ACB-ADB1-5F417FB5F872}.Release|x86.Build.0 = Release|Win32
	EndGlobalSection
	GlobalSection(SolutionProperties) = preSolution
		HideSolutionNode = FALSE
	EndGlobalSection
	GlobalSection(ExtensibilityGlobals) = postSolution
		SolutionGuid = {4BD791C0-1B72-437F-BAAC-996D2CBAE429}
	EndGlobalSection
EndGlobal
